{
  "pins" : [
    {
      "identity" : "clifoundation",
      "kind" : "remoteSourceControl",
      "location" : "https://github.com/henrik-dmg/CLIFoundation",
      "state" : {
        "branch" : "master",
        "revision" : "1c96e38918d5a38c506158d42d3a5d12cfb5f908"
      }
    },
    {
      "identity" : "swift-argument-parser",
      "kind" : "remoteSourceControl",
      "location" : "https://github.com/apple/swift-argument-parser",
      "state" : {
        "revision" : "fddd1c00396eed152c45a46bea9f47b98e59301d",
        "version" : "1.2.0"
      }
    }
  ],
  "version" : 2
}
